
Microsoft Visual Studio Solution File, Format Version 12.00
# Visual Studio 15
VisualStudioVersion = 15.0.26501.0
MinimumVisualStudioVersion = 10.0.40219.1
Project("{FAE04EC0-301F-11D3-BF4B-00C04F79EFBC}") = "ClassLibrary1", "ClassLibrary1\ClassLibrary1.csproj", "{C25E8324-54BA-4957-87D7-D9D43181C3B9}"
EndProject
Project("{FAE04EC0-301F-11D3-BF4B-00C04F79EFBC}") = "UnitTestProject1", "UnitTestProject1\UnitTestProject1.csproj", "{6D2CD2A3-22D7-424B-B4B6-AEC2FBCDA071}"
EndProject
Project("{9A19103F-16F7-4668-BE54-9A1E7A4F7556}") = "TransitKingSkill", "TransitKingSkill\TransitKingSkill.csproj", "{A22C7CB2-7FEE-4DCB-A58C-7F89F014EEE7}"
EndProject
Global
	GlobalSection(SolutionConfigurationPlatforms) = preSolution
		Debug|Any CPU = Debug|Any CPU
		Release|Any CPU = Release|Any CPU
	EndGlobalSection
	GlobalSection(ProjectConfigurationPlatforms) = postSolution
		{C25E8324-54BA-4957-87D7-D9D43181C3B9}.Debug|Any CPU.ActiveCfg = Debug|Any CPU
		{C25E8324-54BA-4957-87D7-D9D43181C3B9}.Debug|Any CPU.Build.0 = Debug|Any CPU
		{C25E8324-54BA-4957-87D7-D9D43181C3B9}.Release|Any CPU.ActiveCfg = Release|Any CPU
		{C25E8324-54BA-4957-87D7-D9D43181C3B9}.Release|Any CPU.Build.0 = Release|Any CPU
		{6D2CD2A3-22D7-424B-B4B6-AEC2FBCDA071}.Debug|Any CPU.ActiveCfg = Debug|Any CPU
		{6D2CD2A3-22D7-424B-B4B6-AEC2FBCDA071}.Debug|Any CPU.Build.0 = Debug|Any CPU
		{6D2CD2A3-22D7-424B-B4B6-AEC2FBCDA071}.Release|Any CPU.ActiveCfg = Release|Any CPU
		{6D2CD2A3-22D7-424B-B4B6-AEC2FBCDA071}.Release|Any CPU.Build.0 = Release|Any CPU
		{A22C7CB2-7FEE-4DCB-A58C-7F89F014EEE7}.Debug|Any CPU.ActiveCfg = Debug|Any CPU
		{A22C7CB2-7FEE-4DCB-A58C-7F89F014EEE7}.Debug|Any CPU.Build.0 = Debug|Any CPU
		{A22C7CB2-7FEE-4DCB-A58C-7F89F014EEE7}.Release|Any CPU.ActiveCfg = Release|Any CPU
		{A22C7CB2-7FEE-4DCB-A58C-7F89F014EEE7}.Release|Any CPU.Build.0 = Release|Any CPU
	EndGlobalSection
	GlobalSection(SolutionProperties) = preSolution
		HideSolutionNode = FALSE
	EndGlobalSection
EndGlobal
